
Microsoft Visual Studio Solution File, Format Version 12.00
# Visual Studio Version 17
VisualStudioVersion = 17.14.37111.16 d17.14
MinimumVisualStudioVersion = 10.0.40219.1
Project("{FAE04EC0-301F-11D3-BF4B-00C04F79EFBC}") = "StudentGradingApp", "StudentGradingApp\StudentGradingApp.csproj", "{BA5CE4F1-8F40-414B-A907-92A370C52C96}"
EndProject
Global
	GlobalSection(SolutionConfigurationPlatforms) = preSolution
		Debug|Any CPU = Debug|Any CPU
		Release|Any CPU = Release|Any CPU
	EndGlobalSection
	GlobalSection(ProjectConfigurationPlatforms) = postSolution
		{BA5CE4F1-8F40-414B-A907-92A370C52C96}.Debug|Any CPU.ActiveCfg = Debug|Any CPU
		{BA5CE4F1-8F40-414B-A907-92A370C52C96}.Debug|Any CPU.Build.0 = Debug|Any CPU
		{BA5CE4F1-8F40-414B-A907-92A370C52C96}.Release|Any CPU.ActiveCfg = Release|Any CPU
		{BA5CE4F1-8F40-414B-A907-92A370C52C96}.Release|Any CPU.Build.0 = Release|Any CPU
	EndGlobalSection
	GlobalSection(SolutionProperties) = preSolution
		HideSolutionNode = FALSE
	EndGlobalSection
	GlobalSection(ExtensibilityGlobals) = postSolution
		SolutionGuid = {AA328622-F4A1-4608-BA13-D1B5CD699C61}
	EndGlobalSection
EndGlobal
